
Microsoft Visual Studio Solution File, Format Version 12.00
# Visual Studio Version 17
VisualStudioVersion = 17.1.32228.430
MinimumVisualStudioVersion = 10.0.40219.1
Project("{FAE04EC0-301F-11D3-BF4B-00C04F79EFBC}") = "PublicTransport", "PublicTransport\PublicTransport.csproj", "{37CB4F63-F7A7-46E2-8108-36B022E55663}"
EndProject
Project("{FAE04EC0-301F-11D3-BF4B-00C04F79EFBC}") = "PublicTransport.Infrastructure", "PublicTransport.Infrastructure\PublicTransport.Infrastructure.csproj", "{E4EBFF26-2705-4211-B0C4-A84E14FC75D9}"
EndProject
Project("{FAE04EC0-301F-11D3-BF4B-00C04F79EFBC}") = "PublicTransport.Core", "PublicTransport.Core\PublicTransport.Core.csproj", "{E78AA91B-1F5E-4EE8-9CD3-43B42585CB73}"
EndProject
Global
	GlobalSection(SolutionConfigurationPlatforms) = preSolution
		Debug|Any CPU = Debug|Any CPU
		Release|Any CPU = Release|Any CPU
	EndGlobalSection
	GlobalSection(ProjectConfigurationPlatforms) = postSolution
		{37CB4F63-F7A7-46E2-8108-36B022E55663}.Debug|Any CPU.ActiveCfg = Debug|Any CPU
		{37CB4F63-F7A7-46E2-8108-36B022E55663}.Debug|Any CPU.Build.0 = Debug|Any CPU
		{37CB4F63-F7A7-46E2-8108-36B022E55663}.Release|Any CPU.ActiveCfg = Release|Any CPU
		{37CB4F63-F7A7-46E2-8108-36B022E55663}.Release|Any CPU.Build.0 = Release|Any CPU
		{E4EBFF26-2705-4211-B0C4-A84E14FC75D9}.Debug|Any CPU.ActiveCfg = Debug|Any CPU
		{E4EBFF26-2705-4211-B0C4-A84E14FC75D9}.Debug|Any CPU.Build.0 = Debug|Any CPU
		{E4EBFF26-2705-4211-B0C4-A84E14FC75D9}.Release|Any CPU.ActiveCfg = Release|Any CPU
		{E4EBFF26-2705-4211-B0C4-A84E14FC75D9}.Release|Any CPU.Build.0 = Release|Any CPU
		{E78AA91B-1F5E-4EE8-9CD3-43B42585CB73}.Debug|Any CPU.ActiveCfg = Debug|Any CPU
		{E78AA91B-1F5E-4EE8-9CD3-43B42585CB73}.Debug|Any CPU.Build.0 = Debug|Any CPU
		{E78AA91B-1F5E-4EE8-9CD3-43B42585CB73}.Release|Any CPU.ActiveCfg = Release|Any CPU
		{E78AA91B-1F5E-4EE8-9CD3-43B42585CB73}.Release|Any CPU.Build.0 = Release|Any CPU
	EndGlobalSection
	GlobalSection(SolutionProperties) = preSolution
		HideSolutionNode = FALSE
	EndGlobalSection
	GlobalSection(ExtensibilityGlobals) = postSolution
		SolutionGuid = {0AED4E0F-4AC6-498D-994B-B3C3D7A4F773}
	EndGlobalSection
EndGlobal
